
Microsoft Visual Studio Solution File, Format Version 12.00
# Visual Studio 15
VisualStudioVersion = 15.0.28010.2003
MinimumVisualStudioVersion = 10.0.40219.1
Project("{FAE04EC0-301F-11D3-BF4B-00C04F79EFBC}") = "PI.Cms.Core", "PI.Cms.Core\PI.Cms.Core.csproj", "{B0E43DFA-F2E5-4516-BA12-A0854E257D56}"
EndProject
Project("{FAE04EC0-301F-11D3-BF4B-00C04F79EFBC}") = "PI.Cms.Examples.MvcNetCore", "..\PI.Cms.Examples.MvcNetCore\PI.Cms.Examples.MvcNetCore.csproj", "{3766593F-FC14-43E4-8E6E-8D7171F0AEA3}"
EndProject
Project("{FAE04EC0-301F-11D3-BF4B-00C04F79EFBC}") = "PI.Cms.Core.Resources.FileResource", "..\PI.Cms.Core.Resources.FileResource\PI.Cms.Core.Resources.FileResource.csproj", "{21B5A278-251A-4C1D-BEA4-56A7EC3B73DE}"
EndProject
Global
	GlobalSection(SolutionConfigurationPlatforms) = preSolution
		Debug|Any CPU = Debug|Any CPU
		Release|Any CPU = Release|Any CPU
	EndGlobalSection
	GlobalSection(ProjectConfigurationPlatforms) = postSolution
		{B0E43DFA-F2E5-4516-BA12-A0854E257D56}.Debug|Any CPU.ActiveCfg = Debug|Any CPU
		{B0E43DFA-F2E5-4516-BA12-A0854E257D56}.Debug|Any CPU.Build.0 = Debug|Any CPU
		{B0E43DFA-F2E5-4516-BA12-A0854E257D56}.Release|Any CPU.ActiveCfg = Release|Any CPU
		{B0E43DFA-F2E5-4516-BA12-A0854E257D56}.Release|Any CPU.Build.0 = Release|Any CPU
		{3766593F-FC14-43E4-8E6E-8D7171F0AEA3}.Debug|Any CPU.ActiveCfg = Debug|Any CPU
		{3766593F-FC14-43E4-8E6E-8D7171F0AEA3}.Debug|Any CPU.Build.0 = Debug|Any CPU
		{3766593F-FC14-43E4-8E6E-8D7171F0AEA3}.Release|Any CPU.ActiveCfg = Release|Any CPU
		{3766593F-FC14-43E4-8E6E-8D7171F0AEA3}.Release|Any CPU.Build.0 = Release|Any CPU
		{21B5A278-251A-4C1D-BEA4-56A7EC3B73DE}.Debug|Any CPU.ActiveCfg = Debug|Any CPU
		{21B5A278-251A-4C1D-BEA4-56A7EC3B73DE}.Debug|Any CPU.Build.0 = Debug|Any CPU
		{21B5A278-251A-4C1D-BEA4-56A7EC3B73DE}.Release|Any CPU.ActiveCfg = Release|Any CPU
		{21B5A278-251A-4C1D-BEA4-56A7EC3B73DE}.Release|Any CPU.Build.0 = Release|Any CPU
	EndGlobalSection
	GlobalSection(SolutionProperties) = preSolution
		HideSolutionNode = FALSE
	EndGlobalSection
	GlobalSection(ExtensibilityGlobals) = postSolution
		SolutionGuid = {7D5D39A5-2BE4-49A8-866A-26C968038A59}
	EndGlobalSection
EndGlobal
